
Microsoft Visual Studio Solution File, Format Version 12.00
# Visual Studio Version 17
VisualStudioVersion = 17.5.33530.505
MinimumVisualStudioVersion = 10.0.40219.1
Project("{FAE04EC0-301F-11D3-BF4B-00C04F79EFBC}") = "CheshSumma", "CheshSumma\CheshSumma.csproj", "{77473362-0BB7-44AE-9A86-8EE8E0BA2284}"
EndProject
Global
	GlobalSection(SolutionConfigurationPlatforms) = preSolution
		Debug|Any CPU = Debug|Any CPU
		Release|Any CPU = Release|Any CPU
	EndGlobalSection
	GlobalSection(ProjectConfigurationPlatforms) = postSolution
		{77473362-0BB7-44AE-9A86-8EE8E0BA2284}.Debug|Any CPU.ActiveCfg = Debug|Any CPU
		{77473362-0BB7-44AE-9A86-8EE8E0BA2284}.Debug|Any CPU.Build.0 = Debug|Any CPU
		{77473362-0BB7-44AE-9A86-8EE8E0BA2284}.Release|Any CPU.ActiveCfg = Release|Any CPU
		{77473362-0BB7-44AE-9A86-8EE8E0BA2284}.Release|Any CPU.Build.0 = Release|Any CPU
	EndGlobalSection
	GlobalSection(SolutionProperties) = preSolution
		HideSolutionNode = FALSE
	EndGlobalSection
	GlobalSection(ExtensibilityGlobals) = postSolution
		SolutionGuid = {A9DB25BB-0C5A-4728-8B98-E7FF78BBA61E}
	EndGlobalSection
EndGlobal
